
Microsoft Visual Studio Solution File, Format Version 12.00
# Visual Studio 15
VisualStudioVersion = 15.0.26124.0
MinimumVisualStudioVersion = 15.0.26124.0
Project("{FAE04EC0-301F-11D3-BF4B-00C04F79EFBC}") = "API", "API\API.csproj", "{C2725402-8BB4-4080-A8FC-A6A23EBF1ADF}"
EndProject
Project("{FAE04EC0-301F-11D3-BF4B-00C04F79EFBC}") = "Core", "Core\Core.csproj", "{BAE18C6E-C687-4098-B487-7E0EB309F5B2}"
EndProject
Project("{FAE04EC0-301F-11D3-BF4B-00C04F79EFBC}") = "Infrastructure", "Infrastructure\Infrastructure.csproj", "{F0E4B5A5-BE51-42EE-BE3D-146BC16BBAE0}"
EndProject
Global
	GlobalSection(SolutionConfigurationPlatforms) = preSolution
		Debug|Any CPU = Debug|Any CPU
		Debug|x64 = Debug|x64
		Debug|x86 = Debug|x86
		Release|Any CPU = Release|Any CPU
		Release|x64 = Release|x64
		Release|x86 = Release|x86
	EndGlobalSection
	GlobalSection(SolutionProperties) = preSolution
		HideSolutionNode = FALSE
	EndGlobalSection
	GlobalSection(ProjectConfigurationPlatforms) = postSolution
		{C2725402-8BB4-4080-A8FC-A6A23EBF1ADF}.Debug|Any CPU.ActiveCfg = Debug|Any CPU
		{C2725402-8BB4-4080-A8FC-A6A23EBF1ADF}.Debug|Any CPU.Build.0 = Debug|Any CPU
		{C2725402-8BB4-4080-A8FC-A6A23EBF1ADF}.Debug|x64.ActiveCfg = Debug|Any CPU
		{C2725402-8BB4-4080-A8FC-A6A23EBF1ADF}.Debug|x64.Build.0 = Debug|Any CPU
		{C2725402-8BB4-4080-A8FC-A6A23EBF1ADF}.Debug|x86.ActiveCfg = Debug|Any CPU
		{C2725402-8BB4-4080-A8FC-A6A23EBF1ADF}.Debug|x86.Build.0 = Debug|Any CPU
		{C2725402-8BB4-4080-A8FC-A6A23EBF1ADF}.Release|Any CPU.ActiveCfg = Release|Any CPU
		{C2725402-8BB4-4080-A8FC-A6A23EBF1ADF}.Release|Any CPU.Build.0 = Release|Any CPU
		{C2725402-8BB4-4080-A8FC-A6A23EBF1ADF}.Release|x64.ActiveCfg = Release|Any CPU
		{C2725402-8BB4-4080-A8FC-A6A23EBF1ADF}.Release|x64.Build.0 = Release|Any CPU
		{C2725402-8BB4-4080-A8FC-A6A23EBF1ADF}.Release|x86.ActiveCfg = Release|Any CPU
		{C2725402-8BB4-4080-A8FC-A6A23EBF1ADF}.Release|x86.Build.0 = Release|Any CPU
		{BAE18C6E-C687-4098-B487-7E0EB309F5B2}.Debug|Any CPU.ActiveCfg = Debug|Any CPU
		{BAE18C6E-C687-4098-B487-7E0EB309F5B2}.Debug|Any CPU.Build.0 = Debug|Any CPU
		{BAE18C6E-C687-4098-B487-7E0EB309F5B2}.Debug|x64.ActiveCfg = Debug|Any CPU
		{BAE18C6E-C687-4098-B487-7E0EB309F5B2}.Debug|x64.Build.0 = Debug|Any CPU
		{BAE18C6E-C687-4098-B487-7E0EB309F5B2}.Debug|x86.ActiveCfg = Debug|Any CPU
		{BAE18C6E-C687-4098-B487-7E0EB309F5B2}.Debug|x86.Build.0 = Debug|Any CPU
		{BAE18C6E-C687-4098-B487-7E0EB309F5B2}.Release|Any CPU.ActiveCfg = Release|Any CPU
		{BAE18C6E-C687-4098-B487-7E0EB309F5B2}.Release|Any CPU.Build.0 = Release|Any CPU
		{BAE18C6E-C687-4098-B487-7E0EB309F5B2}.Release|x64.ActiveCfg = Release|Any CPU
		{BAE18C6E-C687-4098-B487-7E0EB309F5B2}.Release|x64.Build.0 = Release|Any CPU
		{BAE18C6E-C687-4098-B487-7E0EB309F5B2}.Release|x86.ActiveCfg = Release|Any CPU
		{BAE18C6E-C687-4098-B487-7E0EB309F5B2}.Release|x86.Build.0 = Release|Any CPU
		{F0E4B5A5-BE51-42EE-BE3D-146BC16BBAE0}.Debug|Any CPU.ActiveCfg = Debug|Any CPU
		{F0E4B5A5-BE51-42EE-BE3D-146BC16BBAE0}.Debug|Any CPU.Build.0 = Debug|Any CPU
		{F0E4B5A5-BE51-42EE-BE3D-146BC16BBAE0}.Debug|x64.ActiveCfg = Debug|Any CPU
		{F0E4B5A5-BE51-42EE-BE3D-146BC16BBAE0}.Debug|x64.Build.0 = Debug|Any CPU
		{F0E4B5A5-BE51-42EE-BE3D-146BC16BBAE0}.Debug|x86.ActiveCfg = Debug|Any CPU
		{F0E4B5A5-BE51-42EE-BE3D-146BC16BBAE0}.Debug|x86.Build.0 = Debug|Any CPU
		{F0E4B5A5-BE51-42EE-BE3D-146BC16BBAE0}.Release|Any CPU.ActiveCfg = Release|Any CPU
		{F0E4B5A5-BE51-42EE-BE3D-146BC16BBAE0}.Release|Any CPU.Build.0 = Release|Any CPU
		{F0E4B5A5-BE51-42EE-BE3D-146BC16BBAE0}.Release|x64.ActiveCfg = Release|Any CPU
		{F0E4B5A5-BE51-42EE-BE3D-146BC16BBAE0}.Release|x64.Build.0 = Release|Any CPU
		{F0E4B5A5-BE51-42EE-BE3D-146BC16BBAE0}.Release|x86.ActiveCfg = Release|Any CPU
		{F0E4B5A5-BE51-42EE-BE3D-146BC16BBAE0}.Release|x86.Build.0 = Release|Any CPU
	EndGlobalSection
EndGlobal
